
Microsoft Visual Studio Solution File, Format Version 12.00
# Visual Studio Version 16
VisualStudioVersion = 16.0.32106.194
MinimumVisualStudioVersion = 10.0.40219.1
Project("{FAE04EC0-301F-11D3-BF4B-00C04F79EFBC}") = "KVLS2-C1", "KVLS2-C1.csproj", "{DE4BC31C-A9A9-4D72-BE2E-A97FA7EC20AC}"
EndProject
Global
	GlobalSection(SolutionConfigurationPlatforms) = preSolution
		Debug|Any CPU = Debug|Any CPU
		Release|Any CPU = Release|Any CPU
	EndGlobalSection
	GlobalSection(ProjectConfigurationPlatforms) = postSolution
		{DE4BC31C-A9A9-4D72-BE2E-A97FA7EC20AC}.Debug|Any CPU.ActiveCfg = Debug|Any CPU
		{DE4BC31C-A9A9-4D72-BE2E-A97FA7EC20AC}.Debug|Any CPU.Build.0 = Debug|Any CPU
		{DE4BC31C-A9A9-4D72-BE2E-A97FA7EC20AC}.Release|Any CPU.ActiveCfg = Release|Any CPU
		{DE4BC31C-A9A9-4D72-BE2E-A97FA7EC20AC}.Release|Any CPU.Build.0 = Release|Any CPU
	EndGlobalSection
	GlobalSection(SolutionProperties) = preSolution
		HideSolutionNode = FALSE
	EndGlobalSection
	GlobalSection(ExtensibilityGlobals) = postSolution
		SolutionGuid = {D4CBB07D-1E60-40A3-9874-FEDF3098C571}
	EndGlobalSection
EndGlobal
